
Microsoft Visual Studio Solution File, Format Version 10.00
# Visual C# Express 2008
Project("{FAE04EC0-301F-11D3-BF4B-00C04F79EFBC}") = "GKeys", "GKeys\GKeys.csproj", "{6A1D3E52-BA46-48E3-95C0-DEA940A58A0B}"
EndProject
Project("{FAE04EC0-301F-11D3-BF4B-00C04F79EFBC}") = "GKeysTest", "GKeysTest\GKeysTest.csproj", "{3BA1D767-2AF4-44D3-B33B-BEFE21CB9EF7}"
EndProject
Project("{FAE04EC0-301F-11D3-BF4B-00C04F79EFBC}") = "GSXtended", "GSXtended\GSXtended.csproj", "{2E02C29D-F2B2-4FA7-8C68-AD0BB9D9A7C1}"
EndProject
Global
	GlobalSection(SolutionConfigurationPlatforms) = preSolution
		Debug|Any CPU = Debug|Any CPU
		Release|Any CPU = Release|Any CPU
	EndGlobalSection
	GlobalSection(ProjectConfigurationPlatforms) = postSolution
		{6A1D3E52-BA46-48E3-95C0-DEA940A58A0B}.Debug|Any CPU.ActiveCfg = Debug|Any CPU
		{6A1D3E52-BA46-48E3-95C0-DEA940A58A0B}.Debug|Any CPU.Build.0 = Debug|Any CPU
		{6A1D3E52-BA46-48E3-95C0-DEA940A58A0B}.Release|Any CPU.ActiveCfg = Release|Any CPU
		{6A1D3E52-BA46-48E3-95C0-DEA940A58A0B}.Release|Any CPU.Build.0 = Release|Any CPU
		{3BA1D767-2AF4-44D3-B33B-BEFE21CB9EF7}.Debug|Any CPU.ActiveCfg = Debug|Any CPU
		{3BA1D767-2AF4-44D3-B33B-BEFE21CB9EF7}.Debug|Any CPU.Build.0 = Debug|Any CPU
		{3BA1D767-2AF4-44D3-B33B-BEFE21CB9EF7}.Release|Any CPU.ActiveCfg = Release|Any CPU
		{3BA1D767-2AF4-44D3-B33B-BEFE21CB9EF7}.Release|Any CPU.Build.0 = Release|Any CPU
		{2E02C29D-F2B2-4FA7-8C68-AD0BB9D9A7C1}.Debug|Any CPU.ActiveCfg = Debug|Any CPU
		{2E02C29D-F2B2-4FA7-8C68-AD0BB9D9A7C1}.Debug|Any CPU.Build.0 = Debug|Any CPU
		{2E02C29D-F2B2-4FA7-8C68-AD0BB9D9A7C1}.Release|Any CPU.ActiveCfg = Release|Any CPU
		{2E02C29D-F2B2-4FA7-8C68-AD0BB9D9A7C1}.Release|Any CPU.Build.0 = Release|Any CPU
	EndGlobalSection
	GlobalSection(SolutionProperties) = preSolution
		HideSolutionNode = FALSE
	EndGlobalSection
EndGlobal
